
Microsoft Visual Studio Solution File, Format Version 12.00
Project("{FAE04EC0-301F-11D3-BF4B-00C04F79EFBC}") = "Lab_1", "Lab_1\Lab_1.csproj", "{D29616A5-5DAF-412C-B623-7072FAB746B2}"
EndProject
Global
	GlobalSection(SolutionConfigurationPlatforms) = preSolution
		Debug|Any CPU = Debug|Any CPU
		Release|Any CPU = Release|Any CPU
	EndGlobalSection
	GlobalSection(ProjectConfigurationPlatforms) = postSolution
		{D29616A5-5DAF-412C-B623-7072FAB746B2}.Debug|Any CPU.ActiveCfg = Debug|Any CPU
		{D29616A5-5DAF-412C-B623-7072FAB746B2}.Debug|Any CPU.Build.0 = Debug|Any CPU
		{D29616A5-5DAF-412C-B623-7072FAB746B2}.Release|Any CPU.ActiveCfg = Release|Any CPU
		{D29616A5-5DAF-412C-B623-7072FAB746B2}.Release|Any CPU.Build.0 = Release|Any CPU
	EndGlobalSection
EndGlobal
