
Microsoft Visual Studio Solution File, Format Version 12.00
Project("{FAE04EC0-301F-11D3-BF4B-00C04F79EFBC}") = "Lab_3", "Lab_3\Lab_3.csproj", "{38D72B08-8DE6-407D-955B-D277FA404ECB}"
EndProject
Global
	GlobalSection(SolutionConfigurationPlatforms) = preSolution
		Debug|Any CPU = Debug|Any CPU
		Release|Any CPU = Release|Any CPU
	EndGlobalSection
	GlobalSection(ProjectConfigurationPlatforms) = postSolution
		{38D72B08-8DE6-407D-955B-D277FA404ECB}.Debug|Any CPU.ActiveCfg = Debug|Any CPU
		{38D72B08-8DE6-407D-955B-D277FA404ECB}.Debug|Any CPU.Build.0 = Debug|Any CPU
		{38D72B08-8DE6-407D-955B-D277FA404ECB}.Release|Any CPU.ActiveCfg = Release|Any CPU
		{38D72B08-8DE6-407D-955B-D277FA404ECB}.Release|Any CPU.Build.0 = Release|Any CPU
	EndGlobalSection
EndGlobal
