
Microsoft Visual Studio Solution File, Format Version 12.00
Project("{FAE04EC0-301F-11D3-BF4B-00C04F79EFBC}") = "Lab_2_1", "Lab_2_1\Lab_2_1.csproj", "{EF75ECFF-5973-4ED6-BB21-A87182143557}"
EndProject
Global
	GlobalSection(SolutionConfigurationPlatforms) = preSolution
		Debug|Any CPU = Debug|Any CPU
		Release|Any CPU = Release|Any CPU
	EndGlobalSection
	GlobalSection(ProjectConfigurationPlatforms) = postSolution
		{EF75ECFF-5973-4ED6-BB21-A87182143557}.Debug|Any CPU.ActiveCfg = Debug|Any CPU
		{EF75ECFF-5973-4ED6-BB21-A87182143557}.Debug|Any CPU.Build.0 = Debug|Any CPU
		{EF75ECFF-5973-4ED6-BB21-A87182143557}.Release|Any CPU.ActiveCfg = Release|Any CPU
		{EF75ECFF-5973-4ED6-BB21-A87182143557}.Release|Any CPU.Build.0 = Release|Any CPU
	EndGlobalSection
EndGlobal
